
Microsoft Visual Studio Solution File, Format Version 12.00
# Visual Studio 15
VisualStudioVersion = 15.0.28307.168
MinimumVisualStudioVersion = 10.0.40219.1
Project("{FAE04EC0-301F-11D3-BF4B-00C04F79EFBC}") = "BLL", "BLL2\BLL.csproj", "{957E7F76-BFF5-4F72-A44E-FB34F060191B}"
EndProject
Project("{FAE04EC0-301F-11D3-BF4B-00C04F79EFBC}") = "DAL", "DAL1\DAL.csproj", "{390F090C-AB36-4002-979A-1F7B9D0E7017}"
EndProject
Global
	GlobalSection(SolutionConfigurationPlatforms) = preSolution
		Debug|Any CPU = Debug|Any CPU
		Release|Any CPU = Release|Any CPU
	EndGlobalSection
	GlobalSection(ProjectConfigurationPlatforms) = postSolution
		{957E7F76-BFF5-4F72-A44E-FB34F060191B}.Debug|Any CPU.ActiveCfg = Debug|Any CPU
		{957E7F76-BFF5-4F72-A44E-FB34F060191B}.Debug|Any CPU.Build.0 = Debug|Any CPU
		{957E7F76-BFF5-4F72-A44E-FB34F060191B}.Release|Any CPU.ActiveCfg = Release|Any CPU
		{957E7F76-BFF5-4F72-A44E-FB34F060191B}.Release|Any CPU.Build.0 = Release|Any CPU
		{390F090C-AB36-4002-979A-1F7B9D0E7017}.Debug|Any CPU.ActiveCfg = Debug|Any CPU
		{390F090C-AB36-4002-979A-1F7B9D0E7017}.Debug|Any CPU.Build.0 = Debug|Any CPU
		{390F090C-AB36-4002-979A-1F7B9D0E7017}.Release|Any CPU.ActiveCfg = Release|Any CPU
		{390F090C-AB36-4002-979A-1F7B9D0E7017}.Release|Any CPU.Build.0 = Release|Any CPU
	EndGlobalSection
	GlobalSection(SolutionProperties) = preSolution
		HideSolutionNode = FALSE
	EndGlobalSection
	GlobalSection(ExtensibilityGlobals) = postSolution
		SolutionGuid = {77425BFF-3451-439C-94A1-4AD8C7027AC5}
	EndGlobalSection
EndGlobal
